// !$*UTF8*$!
{
	archiveVersion = 1;
	classes = {
	};
	objectVersion = 46;
	objects = {

/* Begin PBXBuildFile section */
		136AA58D1CF815F8005263A9 /* AppDelegate.swift in Sources */ = {isa = PBXBuildFile; fileRef = 136AA58C1CF815F8005263A9 /* AppDelegate.swift */; };
		136AA5921CF815F8005263A9 /* Main.storyboard in Resources */ = {isa = PBXBuildFile; fileRef = 136AA5901CF815F8005263A9 /* Main.storyboard */; };
		136AA5951CF815F8005263A9 /* Bitlist.xcdatamodeld in Sources */ = {isa = PBXBuildFile; fileRef = 136AA5931CF815F8005263A9 /* Bitlist.xcdatamodeld */; };
		136AA5971CF815F8005263A9 /* Assets.xcassets in Resources */ = {isa = PBXBuildFile; fileRef = 136AA5961CF815F8005263A9 /* Assets.xcassets */; };
		136AA59A1CF815F8005263A9 /* LaunchScreen.storyboard in Resources */ = {isa = PBXBuildFile; fileRef = 136AA5981CF815F8005263A9 /* LaunchScreen.storyboard */; };
		136AA5A51CF815F8005263A9 /* BitlistTests.swift in Sources */ = {isa = PBXBuildFile; fileRef = 136AA5A41CF815F8005263A9 /* BitlistTests.swift */; };
		136AA5B01CF815F8005263A9 /* BitlistUITests.swift in Sources */ = {isa = PBXBuildFile; fileRef = 136AA5AF1CF815F8005263A9 /* BitlistUITests.swift */; };
		136AA5BE1CF81658005263A9 /* TodosViewController.swift in Sources */ = {isa = PBXBuildFile; fileRef = 136AA5BD1CF81658005263A9 /* TodosViewController.swift */; };
/* End PBXBuildFile section */

/* Begin PBXContainerItemProxy section */
		136AA5A11CF815F8005263A9 /* PBXContainerItemProxy */ = {
			isa = PBXContainerItemProxy;
			containerPortal = 136AA5811CF815F8005263A9 /* Project object */;
			proxyType = 1;
			remoteGlobalIDString = 136AA5881CF815F8005263A9;
			remoteInfo = Bitlist;
		};
		136AA5AC1CF815F8005263A9 /* PBXContainerItemProxy */ = {
			isa = PBXContainerItemProxy;
			containerPortal = 136AA5811CF815F8005263A9 /* Project object */;
			proxyType = 1;
			remoteGlobalIDString = 136AA5881CF815F8005263A9;
			remoteInfo = Bitlist;
		};
/* End PBXContainerItemProxy section */

/* Begin PBXFileReference section */
		136AA5891CF815F8005263A9 /* Bitlist.app */ = {isa = PBXFileReference; explicitFileType = wrapper.application; includeInIndex = 0; path = Bitlist.app; sourceTree = BUILT_PRODUCTS_DIR; };
		136AA58C1CF815F8005263A9 /* AppDelegate.swift */ = {isa = PBXFileReference; lastKnownFileType = sourcecode.swift; path = AppDelegate.swift; sourceTree = "<group>"; };
		136AA5911CF815F8005263A9 /* Base */ = {isa = PBXFileReference; lastKnownFileType = file.storyboard; name = Base; path = Base.lproj/Main.storyboard; sourceTree = "<group>"; };
		136AA5941CF815F8005263A9 /* Bitlist.xcdatamodel */ = {isa = PBXFileReference; lastKnownFileType = wrapper.xcdatamodel; path = Bitlist.xcdatamodel; sourceTree = "<group>"; };
		136AA5961CF815F8005263A9 /* Assets.xcassets */ = {isa = PBXFileReference; lastKnownFileType = folder.assetcatalog; path = Assets.xcassets; sourceTree = "<group>"; };
		136AA5991CF815F8005263A9 /* Base */ = {isa = PBXFileReference; lastKnownFileType = file.storyboard; name = Base; path = Base.lproj/LaunchScreen.storyboard; sourceTree = "<group>"; };
		136AA59B1CF815F8005263A9 /* Info.plist */ = {isa = PBXFileReference; lastKnownFileType = text.plist.xml; path = Info.plist; sourceTree = "<group>"; };
		136AA5A01CF815F8005263A9 /* BitlistTests.xctest */ = {isa = PBXFileReference; explicitFileType = wrapper.cfbundle; includeInIndex = 0; path = BitlistTests.xctest; sourceTree = BUILT_PRODUCTS_DIR; };
		136AA5A41CF815F8005263A9 /* BitlistTests.swift */ = {isa = PBXFileReference; lastKnownFileType = sourcecode.swift; path = BitlistTests.swift; sourceTree = "<group>"; };
		136AA5A61CF815F8005263A9 /* Info.plist */ = {isa = PBXFileReference; lastKnownFileType = text.plist.xml; path = Info.plist; sourceTree = "<group>"; };
		136AA5AB1CF815F8005263A9 /* BitlistUITests.xctest */ = {isa = PBXFileReference; explicitFileType = wrapper.cfbundle; includeInIndex = 0; path = BitlistUITests.xctest; sourceTree = BUILT_PRODUCTS_DIR; };
		136AA5AF1CF815F8005263A9 /* BitlistUITests.swift */ = {isa = PBXFileReference; lastKnownFileType = sourcecode.swift; path = BitlistUITests.swift; sourceTree = "<group>"; };
		136AA5B11CF815F8005263A9 /* Info.plist */ = {isa = PBXFileReference; lastKnownFileType = text.plist.xml; path = Info.plist; sourceTree = "<group>"; };
		136AA5BD1CF81658005263A9 /* TodosViewController.swift */ = {isa = PBXFileReference; fileEncoding = 4; lastKnownFileType = sourcecode.swift; name = TodosViewController.swift; path = ../TodosViewController.swift; sourceTree = "<group>"; };
/* End PBXFileReference section */

/* Begin PBXFrameworksBuildPhase section */
		136AA5861CF815F8005263A9 /* Frameworks */ = {
			isa = PBXFrameworksBuildPhase;
			buildActionMask = 2147483647;
			files = (
			);
			runOnlyForDeploymentPostprocessing = 0;
		};
		136AA59D1CF815F8005263A9 /* Frameworks */ = {
			isa = PBXFrameworksBuildPhase;
			buildActionMask = 2147483647;
			files = (
			);
			runOnlyForDeploymentPostprocessing = 0;
		};
		136AA5A81CF815F8005263A9 /* Frameworks */ = {
			isa = PBXFrameworksBuildPhase;
			buildActionMask = 2147483647;
			files = (
			);
			runOnlyForDeploymentPostprocessing = 0;
		};
/* End PBXFrameworksBuildPhase section */

/* Begin PBXGroup section */
		136AA5801CF815F8005263A9 = {
			isa = PBXGroup;
			children = (
				136AA58B1CF815F8005263A9 /* Bitlist */,
				136AA5A31CF815F8005263A9 /* BitlistTests */,
				136AA5AE1CF815F8005263A9 /* BitlistUITests */,
				136AA58A1CF815F8005263A9 /* Products */,
			);
			sourceTree = "<group>";
		};
		136AA58A1CF815F8005263A9 /* Products */ = {
			isa = PBXGroup;
			children = (
				136AA5891CF815F8005263A9 /* Bitlist.app */,
				136AA5A01CF815F8005263A9 /* BitlistTests.xctest */,
				136AA5AB1CF815F8005263A9 /* BitlistUITests.xctest */,
			);
			name = Products;
			sourceTree = "<group>";
		};
		136AA58B1CF815F8005263A9 /* Bitlist */ = {
			isa = PBXGroup;
			children = (
				136AA58C1CF815F8005263A9 /* AppDelegate.swift */,
				136AA5BD1CF81658005263A9 /* TodosViewController.swift */,
				136AA5901CF815F8005263A9 /* Main.storyboard */,
				136AA5961CF815F8005263A9 /* Assets.xcassets */,
				136AA5981CF815F8005263A9 /* LaunchScreen.storyboard */,
				136AA59B1CF815F8005263A9 /* Info.plist */,
				136AA5931CF815F8005263A9 /* Bitlist.xcdatamodeld */,
			);
			path = Bitlist;
			sourceTree = "<group>";
		};
		136AA5A31CF815F8005263A9 /* BitlistTests */ = {
			isa = PBXGroup;
			children = (
				136AA5A41CF815F8005263A9 /* BitlistTests.swift */,
				136AA5A61CF815F8005263A9 /* Info.plist */,
			);
			path = BitlistTests;
			sourceTree = "<group>";
		};
		136AA5AE1CF815F8005263A9 /* BitlistUITests */ = {
			isa = PBXGroup;
			children = (
				136AA5AF1CF815F8005263A9 /* BitlistUITests.swift */,
				136AA5B11CF815F8005263A9 /* Info.plist */,
			);
			path = BitlistUITests;
			sourceTree = "<group>";
		};
/* End PBXGroup section */

/* Begin PBXNativeTarget section */
		136AA5881CF815F8005263A9 /* Bitlist */ = {
			isa = PBXNativeTarget;
			buildConfigurationList = 136AA5B41CF815F8005263A9 /* Build configuration list for PBXNativeTarget "Bitlist" */;
			buildPhases = (
				136AA5851CF815F8005263A9 /* Sources */,
				136AA5861CF815F8005263A9 /* Frameworks */,
				136AA5871CF815F8005263A9 /* Resources */,
			);
			buildRules = (
			);
			dependencies = (
			);
			name = Bitlist;
			productName = Bitlist;
			productReference = 136AA5891CF815F8005263A9 /* Bitlist.app */;
			productType = "com.apple.product-type.application";
		};
		136AA59F1CF815F8005263A9 /* BitlistTests */ = {
			isa = PBXNativeTarget;
			buildConfigurationList = 136AA5B71CF815F8005263A9 /* Build configuration list for PBXNativeTarget "BitlistTests" */;
			buildPhases = (
				136AA59C1CF815F8005263A9 /* Sources */,
				136AA59D1CF815F8005263A9 /* Frameworks */,
				136AA59E1CF815F8005263A9 /* Resources */,
			);
			buildRules = (
			);
			dependencies = (
				136AA5A21CF815F8005263A9 /* PBXTargetDependency */,
			);
			name = BitlistTests;
			productName = BitlistTests;
			productReference = 136AA5A01CF815F8005263A9 /* BitlistTests.xctest */;
			productType = "com.apple.product-type.bundle.unit-test";
		};
		136AA5AA1CF815F8005263A9 /* BitlistUITests */ = {
			isa = PBXNativeTarget;
			buildConfigurationList = 136AA5BA1CF815F8005263A9 /* Build configuration list for PBXNativeTarget "BitlistUITests" */;
			buildPhases = (
				136AA5A71CF815F8005263A9 /* Sources */,
				136AA5A81CF815F8005263A9 /* Frameworks */,
				136AA5A91CF815F8005263A9 /* Resources */,
			);
			buildRules = (
			);
			dependencies = (
				136AA5AD1CF815F8005263A9 /* PBXTargetDependency */,
			);
			name = BitlistUITests;
			productName = BitlistUITests;
			productReference = 136AA5AB1CF815F8005263A9 /* BitlistUITests.xctest */;
			productType = "com.apple.product-type.bundle.ui-testing";
		};
/* End PBXNativeTarget section */

/* Begin PBXProject section */
		136AA5811CF815F8005263A9 /* Project object */ = {
			isa = PBXProject;
			attributes = {
				LastSwiftUpdateCheck = 0730;
				LastUpgradeCheck = 0730;
				ORGANIZATIONNAME = self.edu;
				TargetAttributes = {
					136AA5881CF815F8005263A9 = {
						CreatedOnToolsVersion = 7.3;
						DevelopmentTeam = RY4LKVN272;
					};
					136AA59F1CF815F8005263A9 = {
						CreatedOnToolsVersion = 7.3;
						TestTargetID = 136AA5881CF815F8005263A9;
					};
					136AA5AA1CF815F8005263A9 = {
						CreatedOnToolsVersion = 7.3;
						TestTargetID = 136AA5881CF815F8005263A9;
					};
				};
			};
			buildConfigurationList = 136AA5841CF815F8005263A9 /* Build configuration list for PBXProject "Bitlist" */;
			compatibilityVersion = "Xcode 3.2";
			developmentRegion = English;
			hasScannedForEncodings = 0;
			knownRegions = (
				en,
				Base,
			);
			mainGroup = 136AA5801CF815F8005263A9;
			productRefGroup = 136AA58A1CF815F8005263A9 /* Products */;
			projectDirPath = "";
			projectRoot = "";
			targets = (
				136AA5881CF815F8005263A9 /* Bitlist */,
				136AA59F1CF815F8005263A9 /* BitlistTests */,
				136AA5AA1CF815F8005263A9 /* BitlistUITests */,
			);
		};
/* End PBXProject section */

/* Begin PBXResourcesBuildPhase section */
		136AA5871CF815F8005263A9 /* Resources */ = {
			isa = PBXResourcesBuildPhase;
			buildActionMask = 2147483647;
			files = (
				136AA59A1CF815F8005263A9 /* LaunchScreen.storyboard in Resources */,
				136AA5971CF815F8005263A9 /* Assets.xcassets in Resources */,
				136AA5921CF815F8005263A9 /* Main.storyboard in Resources */,
			);
			runOnlyForDeploymentPostprocessing = 0;
		};
		136AA59E1CF815F8005263A9 /* Resources */ = {
			isa = PBXResourcesBuildPhase;
			buildActionMask = 2147483647;
			files = (
			);
			runOnlyForDeploymentPostprocessing = 0;
		};
		136AA5A91CF815F8005263A9 /* Resources */ = {
			isa = PBXResourcesBuildPhase;
			buildActionMask = 2147483647;
			files = (
			);
			runOnlyForDeploymentPostprocessing = 0;
		};
/* End PBXResourcesBuildPhase section */

/* Begin PBXSourcesBuildPhase section */
		136AA5851CF815F8005263A9 /* Sources */ = {
			isa = PBXSourcesBuildPhase;
			buildActionMask = 2147483647;
			files = (
				136AA5951CF815F8005263A9 /* Bitlist.xcdatamodeld in Sources */,
				136AA5BE1CF81658005263A9 /* TodosViewController.swift in Sources */,
				136AA58D1CF815F8005263A9 /* AppDelegate.swift in Sources */,
			);
			runOnlyForDeploymentPostprocessing = 0;
		};
		136AA59C1CF815F8005263A9 /* Sources */ = {
			isa = PBXSourcesBuildPhase;
			buildActionMask = 2147483647;
			files = (
				136AA5A51CF815F8005263A9 /* BitlistTests.swift in Sources */,
			);
			runOnlyForDeploymentPostprocessing = 0;
		};
		136AA5A71CF815F8005263A9 /* Sources */ = {
			isa = PBXSourcesBuildPhase;
			buildActionMask = 2147483647;
			files = (
				136AA5B01CF815F8005263A9 /* BitlistUITests.swift in Sources */,
			);
			runOnlyForDeploymentPostprocessing = 0;
		};
/* End PBXSourcesBuildPhase section */

/* Begin PBXTargetDependency section */
		136AA5A21CF815F8005263A9 /* PBXTargetDependency */ = {
			isa = PBXTargetDependency;
			target = 136AA5881CF815F8005263A9 /* Bitlist */;
			targetProxy = 136AA5A11CF815F8005263A9 /* PBXContainerItemProxy */;
		};
		136AA5AD1CF815F8005263A9 /* PBXTargetDependency */ = {
			isa = PBXTargetDependency;
			target = 136AA5881CF815F8005263A9 /* Bitlist */;
			targetProxy = 136AA5AC1CF815F8005263A9 /* PBXContainerItemProxy */;
		};
/* End PBXTargetDependency section */

/* Begin PBXVariantGroup section */
		136AA5901CF815F8005263A9 /* Main.storyboard */ = {
			isa = PBXVariantGroup;
			children = (
				136AA5911CF815F8005263A9 /* Base */,
			);
			name = Main.storyboard;
			sourceTree = "<group>";
		};
		136AA5981CF815F8005263A9 /* LaunchScreen.storyboard */ = {
			isa = PBXVariantGroup;
			children = (
				136AA5991CF815F8005263A9 /* Base */,
			);
			name = LaunchScreen.storyboard;
			sourceTree = "<group>";
		};
/* End PBXVariantGroup section */

/* Begin XCBuildConfiguration section */
		136AA5B21CF815F8005263A9 /* Debug */ = {
			isa = XCBuildConfiguration;
			buildSettings = {
				ALWAYS_SEARCH_USER_PATHS = NO;
				CLANG_ANALYZER_NONNULL = YES;
				CLANG_CXX_LANGUAGE_STANDARD = "gnu++0x";
				CLANG_CXX_LIBRARY = "libc++";
				CLANG_ENABLE_MODULES = YES;
				CLANG_ENABLE_OBJC_ARC = YES;
				CLANG_WARN_BOOL_CONVERSION = YES;
				CLANG_WARN_CONSTANT_CONVERSION = YES;
				CLANG_WARN_DIRECT_OBJC_ISA_USAGE = YES_ERROR;
				CLANG_WARN_EMPTY_BODY = YES;
				CLANG_WARN_ENUM_CONVERSION = YES;
				CLANG_WARN_INT_CONVERSION = YES;
				CLANG_WARN_OBJC_ROOT_CLASS = YES_ERROR;
				CLANG_WARN_UNREACHABLE_CODE = YES;
				CLANG_WARN__DUPLICATE_METHOD_MATCH = YES;
				"CODE_SIGN_IDENTITY[sdk=iphoneos*]" = "iPhone Developer";
				COPY_PHASE_STRIP = NO;
				DEBUG_INFORMATION_FORMAT = dwarf;
				ENABLE_STRICT_OBJC_MSGSEND = YES;
				ENABLE_TESTABILITY = YES;
				GCC_C_LANGUAGE_STANDARD = gnu99;
				GCC_DYNAMIC_NO_PIC = NO;
				GCC_NO_COMMON_BLOCKS = YES;
				GCC_OPTIMIZATION_LEVEL = 0;
				GCC_PREPROCESSOR_DEFINITIONS = (
					"DEBUG=1",
					"$(inherited)",
				);
				GCC_WARN_64_TO_32_BIT_CONVERSION = YES;
				GCC_WARN_ABOUT_RETURN_TYPE = YES_ERROR;
				GCC_WARN_UNDECLARED_SELECTOR = YES;
				GCC_WARN_UNINITIALIZED_AUTOS = YES_AGGRESSIVE;
				GCC_WARN_UNUSED_FUNCTION = YES;
				GCC_WARN_UNUSED_VARIABLE = YES;
				IPHONEOS_DEPLOYMENT_TARGET = 9.3;
				MTL_ENABLE_DEBUG_INFO = YES;
				ONLY_ACTIVE_ARCH = YES;
				SDKROOT = iphoneos;
				SWIFT_OPTIMIZATION_LEVEL = "-Onone";
				TARGETED_DEVICE_FAMILY = "1,2";
			};
			name = Debug;
		};
		136AA5B31CF815F8005263A9 /* Release */ = {
			isa = XCBuildConfiguration;
			buildSettings = {
				ALWAYS_SEARCH_USER_PATHS = NO;
				CLANG_ANALYZER_NONNULL = YES;
				CLANG_CXX_LANGUAGE_STANDARD = "gnu++0x";
				CLANG_CXX_LIBRARY = "libc++";
				CLANG_ENABLE_MODULES = YES;
				CLANG_ENABLE_OBJC_ARC = YES;
				CLANG_WARN_BOOL_CONVERSION = YES;
				CLANG_WARN_CONSTANT_CONVERSION = YES;
				CLANG_WARN_DIRECT_OBJC_ISA_USAGE = YES_ERROR;
				CLANG_WARN_EMPTY_BODY = YES;
				CLANG_WARN_ENUM_CONVERSION = YES;
				CLANG_WARN_INT_CONVERSION = YES;
				CLANG_WARN_OBJC_ROOT_CLASS = YES_ERROR;
				CLANG_WARN_UNREACHABLE_CODE = YES;
				CLANG_WARN__DUPLICATE_METHOD_MATCH = YES;
				"CODE_SIGN_IDENTITY[sdk=iphoneos*]" = "iPhone Developer";
				COPY_PHASE_STRIP = NO;
				DEBUG_INFORMATION_FORMAT = "dwarf-with-dsym";
				ENABLE_NS_ASSERTIONS = NO;
				ENABLE_STRICT_OBJC_MSGSEND = YES;
				GCC_C_LANGUAGE_STANDARD = gnu99;
				GCC_NO_COMMON_BLOCKS = YES;
				GCC_WARN_64_TO_32_BIT_CONVERSION = YES;
				GCC_WARN_ABOUT_RETURN_TYPE = YES_ERROR;
				GCC_WARN_UNDECLARED_SELECTOR = YES;
				GCC_WARN_UNINITIALIZED_AUTOS = YES_AGGRESSIVE;
				GCC_WARN_UNUSED_FUNCTION = YES;
				GCC_WARN_UNUSED_VARIABLE = YES;
				IPHONEOS_DEPLOYMENT_TARGET = 9.3;
				MTL_ENABLE_DEBUG_INFO = NO;
				SDKROOT = iphoneos;
				TARGETED_DEVICE_FAMILY = "1,2";
				VALIDATE_PRODUCT = YES;
			};
			name = Release;
		};
		136AA5B51CF815F8005263A9 /* Debug */ = {
			isa = XCBuildConfiguration;
			buildSettings = {
				ASSETCATALOG_COMPILER_APPICON_NAME = AppIcon;
				CODE_SIGN_IDENTITY = "iPhone Developer";
				"CODE_SIGN_IDENTITY[sdk=iphoneos*]" = "iPhone Developer";
				INFOPLIST_FILE = Bitlist/Info.plist;
				LD_RUNPATH_SEARCH_PATHS = "$(inherited) @executable_path/Frameworks";
				PRODUCT_BUNDLE_IDENTIFIER = self.edu.Bitlist;
				PRODUCT_NAME = "$(TARGET_NAME)";
				PROVISIONING_PROFILE = "";
			};
			name = Debug;
		};
		136AA5B61CF815F8005263A9 /* Release */ = {
			isa = XCBuildConfiguration;
			buildSettings = {
				ASSETCATALOG_COMPILER_APPICON_NAME = AppIcon;
				CODE_SIGN_IDENTITY = "iPhone Developer";
				"CODE_SIGN_IDENTITY[sdk=iphoneos*]" = "iPhone Developer";
				INFOPLIST_FILE = Bitlist/Info.plist;
				LD_RUNPATH_SEARCH_PATHS = "$(inherited) @executable_path/Frameworks";
				PRODUCT_BUNDLE_IDENTIFIER = self.edu.Bitlist;
				PRODUCT_NAME = "$(TARGET_NAME)";
				PROVISIONING_PROFILE = "";
			};
			name = Release;
		};
		136AA5B81CF815F8005263A9 /* Debug */ = {
			isa = XCBuildConfiguration;
			buildSettings = {
				BUNDLE_LOADER = "$(TEST_HOST)";
				INFOPLIST_FILE = BitlistTests/Info.plist;
				LD_RUNPATH_SEARCH_PATHS = "$(inherited) @executable_path/Frameworks @loader_path/Frameworks";
				PRODUCT_BUNDLE_IDENTIFIER = self.edu.BitlistTests;
				PRODUCT_NAME = "$(TARGET_NAME)";
				TEST_HOST = "$(BUILT_PRODUCTS_DIR)/Bitlist.app/Bitlist";
			};
			name = Debug;
		};
		136AA5B91CF815F8005263A9 /* Release */ = {
			isa = XCBuildConfiguration;
			buildSettings = {
				BUNDLE_LOADER = "$(TEST_HOST)";
				INFOPLIST_FILE = BitlistTests/Info.plist;
				LD_RUNPATH_SEARCH_PATHS = "$(inherited) @executable_path/Frameworks @loader_path/Frameworks";
				PRODUCT_BUNDLE_IDENTIFIER = self.edu.BitlistTests;
				PRODUCT_NAME = "$(TARGET_NAME)";
				TEST_HOST = "$(BUILT_PRODUCTS_DIR)/Bitlist.app/Bitlist";
			};
			name = Release;
		};
		136AA5BB1CF815F8005263A9 /* Debug */ = {
			isa = XCBuildConfiguration;
			buildSettings = {
				INFOPLIST_FILE = BitlistUITests/Info.plist;
				LD_RUNPATH_SEARCH_PATHS = "$(inherited) @executable_path/Frameworks @loader_path/Frameworks";
				PRODUCT_BUNDLE_IDENTIFIER = self.edu.BitlistUITests;
				PRODUCT_NAME = "$(TARGET_NAME)";
				TEST_TARGET_NAME = Bitlist;
			};
			name = Debug;
		};
		136AA5BC1CF815F8005263A9 /* Release */ = {
			isa = XCBuildConfiguration;
			buildSettings = {
				INFOPLIST_FILE = BitlistUITests/Info.plist;
				LD_RUNPATH_SEARCH_PATHS = "$(inherited) @executable_path/Frameworks @loader_path/Frameworks";
				PRODUCT_BUNDLE_IDENTIFIER = self.edu.BitlistUITests;
				PRODUCT_NAME = "$(TARGET_NAME)";
				TEST_TARGET_NAME = Bitlist;
			};
			name = Release;
		};
/* End XCBuildConfiguration section */

/* Begin XCConfigurationList section */
		136AA5841CF815F8005263A9 /* Build configuration list for PBXProject "Bitlist" */ = {
			isa = XCConfigurationList;
			buildConfigurations = (
				136AA5B21CF815F8005263A9 /* Debug */,
				136AA5B31CF815F8005263A9 /* Release */,
			);
			defaultConfigurationIsVisible = 0;
			defaultConfigurationName = Release;
		};
		136AA5B41CF815F8005263A9 /* Build configuration list for PBXNativeTarget "Bitlist" */ = {
			isa = XCConfigurationList;
			buildConfigurations = (
				136AA5B51CF815F8005263A9 /* Debug */,
				136AA5B61CF815F8005263A9 /* Release */,
			);
			defaultConfigurationIsVisible = 0;
		};
		136AA5B71CF815F8005263A9 /* Build configuration list for PBXNativeTarget "BitlistTests" */ = {
			isa = XCConfigurationList;
			buildConfigurations = (
				136AA5B81CF815F8005263A9 /* Debug */,
				136AA5B91CF815F8005263A9 /* Release */,
			);
			defaultConfigurationIsVisible = 0;
		};
		136AA5BA1CF815F8005263A9 /* Build configuration list for PBXNativeTarget "BitlistUITests" */ = {
			isa = XCConfigurationList;
			buildConfigurations = (
				136AA5BB1CF815F8005263A9 /* Debug */,
				136AA5BC1CF815F8005263A9 /* Release */,
			);
			defaultConfigurationIsVisible = 0;
		};
/* End XCConfigurationList section */

/* Begin XCVersionGroup section */
		136AA5931CF815F8005263A9 /* Bitlist.xcdatamodeld */ = {
			isa = XCVersionGroup;
			children = (
				136AA5941CF815F8005263A9 /* Bitlist.xcdatamodel */,
			);
			currentVersion = 136AA5941CF815F8005263A9 /* Bitlist.xcdatamodel */;
			path = Bitlist.xcdatamodeld;
			sourceTree = "<group>";
			versionGroupType = wrapper.xcdatamodel;
		};
/* End XCVersionGroup section */
	};
	rootObject = 136AA5811CF815F8005263A9 /* Project object */;
}
